
Microsoft Visual Studio Solution File, Format Version 12.00
# Visual Studio 15
VisualStudioVersion = 15.0.27428.2005
MinimumVisualStudioVersion = 10.0.40219.1
Project("{FAE04EC0-301F-11D3-BF4B-00C04F79EFBC}") = "WebApplication3", "WebApplication3\WebApplication3.csproj", "{CE062568-2EBD-4C30-A008-55DED907C715}"
EndProject
Global
	GlobalSection(SolutionConfigurationPlatforms) = preSolution
		Debug|Any CPU = Debug|Any CPU
		Release|Any CPU = Release|Any CPU
	EndGlobalSection
	GlobalSection(ProjectConfigurationPlatforms) = postSolution
		{CE062568-2EBD-4C30-A008-55DED907C715}.Debug|Any CPU.ActiveCfg = Debug|Any CPU
		{CE062568-2EBD-4C30-A008-55DED907C715}.Debug|Any CPU.Build.0 = Debug|Any CPU
		{CE062568-2EBD-4C30-A008-55DED907C715}.Release|Any CPU.ActiveCfg = Release|Any CPU
		{CE062568-2EBD-4C30-A008-55DED907C715}.Release|Any CPU.Build.0 = Release|Any CPU
	EndGlobalSection
	GlobalSection(SolutionProperties) = preSolution
		HideSolutionNode = FALSE
	EndGlobalSection
	GlobalSection(ExtensibilityGlobals) = postSolution
		SolutionGuid = {2B057163-D232-422B-84BE-D921A74909EF}
	EndGlobalSection
EndGlobal
